// !$*UTF8*$!
{
	archiveVersion = 1;
	classes = {
	};
	objectVersion = 50;
	objects = {

/* Begin PBXBuildFile section */
		878B4813276C105A00ECAB6D /* CategoriesViewController.swift in Sources */ = {isa = PBXBuildFile; fileRef = 878B4812276C105A00ECAB6D /* CategoriesViewController.swift */; };
		878B4816276C108D00ECAB6D /* MealsViewController.swift in Sources */ = {isa = PBXBuildFile; fileRef = 878B4815276C108D00ECAB6D /* MealsViewController.swift */; };
		878B4819276C109700ECAB6D /* DetailsViewController.swift in Sources */ = {isa = PBXBuildFile; fileRef = 878B4818276C109700ECAB6D /* DetailsViewController.swift */; };
		878B481D276C1A3000ECAB6D /* Category.swift in Sources */ = {isa = PBXBuildFile; fileRef = 878B481C276C1A3000ECAB6D /* Category.swift */; };
		878B4820276C1A3E00ECAB6D /* Meal.swift in Sources */ = {isa = PBXBuildFile; fileRef = 878B481F276C1A3E00ECAB6D /* Meal.swift */; };
		878B4823276C1D7000ECAB6D /* Ingredient.swift in Sources */ = {isa = PBXBuildFile; fileRef = 878B4822276C1D7000ECAB6D /* Ingredient.swift */; };
		878B4827276C223800ECAB6D /* NetworkManager.swift in Sources */ = {isa = PBXBuildFile; fileRef = 878B4826276C223800ECAB6D /* NetworkManager.swift */; };
		87C7DDC1276C0295005E01CA /* AppDelegate.swift in Sources */ = {isa = PBXBuildFile; fileRef = 87C7DDC0276C0295005E01CA /* AppDelegate.swift */; };
		87C7DDC3276C0295005E01CA /* SceneDelegate.swift in Sources */ = {isa = PBXBuildFile; fileRef = 87C7DDC2276C0295005E01CA /* SceneDelegate.swift */; };
		87C7DDCA276C0296005E01CA /* Assets.xcassets in Resources */ = {isa = PBXBuildFile; fileRef = 87C7DDC9276C0296005E01CA /* Assets.xcassets */; };
		87C7DDCD276C0296005E01CA /* LaunchScreen.storyboard in Resources */ = {isa = PBXBuildFile; fileRef = 87C7DDCB276C0296005E01CA /* LaunchScreen.storyboard */; };
/* End PBXBuildFile section */

/* Begin PBXFileReference section */
		878B4812276C105A00ECAB6D /* CategoriesViewController.swift */ = {isa = PBXFileReference; lastKnownFileType = sourcecode.swift; path = CategoriesViewController.swift; sourceTree = "<group>"; };
		878B4815276C108D00ECAB6D /* MealsViewController.swift */ = {isa = PBXFileReference; lastKnownFileType = sourcecode.swift; path = MealsViewController.swift; sourceTree = "<group>"; };
		878B4818276C109700ECAB6D /* DetailsViewController.swift */ = {isa = PBXFileReference; lastKnownFileType = sourcecode.swift; path = DetailsViewController.swift; sourceTree = "<group>"; };
		878B481C276C1A3000ECAB6D /* Category.swift */ = {isa = PBXFileReference; lastKnownFileType = sourcecode.swift; path = Category.swift; sourceTree = "<group>"; };
		878B481F276C1A3E00ECAB6D /* Meal.swift */ = {isa = PBXFileReference; lastKnownFileType = sourcecode.swift; path = Meal.swift; sourceTree = "<group>"; };
		878B4822276C1D7000ECAB6D /* Ingredient.swift */ = {isa = PBXFileReference; lastKnownFileType = sourcecode.swift; path = Ingredient.swift; sourceTree = "<group>"; };
		878B4826276C223800ECAB6D /* NetworkManager.swift */ = {isa = PBXFileReference; lastKnownFileType = sourcecode.swift; path = NetworkManager.swift; sourceTree = "<group>"; };
		87C7DDBD276C0295005E01CA /* FetchMeal.app */ = {isa = PBXFileReference; explicitFileType = wrapper.application; includeInIndex = 0; path = FetchMeal.app; sourceTree = BUILT_PRODUCTS_DIR; };
		87C7DDC0276C0295005E01CA /* AppDelegate.swift */ = {isa = PBXFileReference; lastKnownFileType = sourcecode.swift; path = AppDelegate.swift; sourceTree = "<group>"; };
		87C7DDC2276C0295005E01CA /* SceneDelegate.swift */ = {isa = PBXFileReference; lastKnownFileType = sourcecode.swift; path = SceneDelegate.swift; sourceTree = "<group>"; };
		87C7DDC9276C0296005E01CA /* Assets.xcassets */ = {isa = PBXFileReference; lastKnownFileType = folder.assetcatalog; path = Assets.xcassets; sourceTree = "<group>"; };
		87C7DDCC276C0296005E01CA /* Base */ = {isa = PBXFileReference; lastKnownFileType = file.storyboard; name = Base; path = Base.lproj/LaunchScreen.storyboard; sourceTree = "<group>"; };
		87C7DDCE276C0296005E01CA /* Info.plist */ = {isa = PBXFileReference; lastKnownFileType = text.plist.xml; path = Info.plist; sourceTree = "<group>"; };
/* End PBXFileReference section */

/* Begin PBXFrameworksBuildPhase section */
		87C7DDBA276C0295005E01CA /* Frameworks */ = {
			isa = PBXFrameworksBuildPhase;
			buildActionMask = 2147483647;
			files = (
			);
			runOnlyForDeploymentPostprocessing = 0;
		};
/* End PBXFrameworksBuildPhase section */

/* Begin PBXGroup section */
		878B481B276C19F300ECAB6D /* Model */ = {
			isa = PBXGroup;
			children = (
				878B481C276C1A3000ECAB6D /* Category.swift */,
				878B481F276C1A3E00ECAB6D /* Meal.swift */,
				878B4822276C1D7000ECAB6D /* Ingredient.swift */,
			);
			path = Model;
			sourceTree = "<group>";
		};
		878B4825276C222400ECAB6D /* Manager */ = {
			isa = PBXGroup;
			children = (
				878B4826276C223800ECAB6D /* NetworkManager.swift */,
			);
			path = Manager;
			sourceTree = "<group>";
		};
		87C7DDB4276C0295005E01CA = {
			isa = PBXGroup;
			children = (
				87C7DDBF276C0295005E01CA /* FetchMeal */,
				87C7DDBE276C0295005E01CA /* Products */,
			);
			sourceTree = "<group>";
		};
		87C7DDBE276C0295005E01CA /* Products */ = {
			isa = PBXGroup;
			children = (
				87C7DDBD276C0295005E01CA /* FetchMeal.app */,
			);
			name = Products;
			sourceTree = "<group>";
		};
		87C7DDBF276C0295005E01CA /* FetchMeal */ = {
			isa = PBXGroup;
			children = (
				878B4825276C222400ECAB6D /* Manager */,
				878B481B276C19F300ECAB6D /* Model */,
				87C7DDE0276C099C005E01CA /* ViewControllers */,
				87C7DDC0276C0295005E01CA /* AppDelegate.swift */,
				87C7DDC2276C0295005E01CA /* SceneDelegate.swift */,
				87C7DDC9276C0296005E01CA /* Assets.xcassets */,
				87C7DDCB276C0296005E01CA /* LaunchScreen.storyboard */,
				87C7DDCE276C0296005E01CA /* Info.plist */,
			);
			path = FetchMeal;
			sourceTree = "<group>";
		};
		87C7DDE0276C099C005E01CA /* ViewControllers */ = {
			isa = PBXGroup;
			children = (
				878B4812276C105A00ECAB6D /* CategoriesViewController.swift */,
				878B4815276C108D00ECAB6D /* MealsViewController.swift */,
				878B4818276C109700ECAB6D /* DetailsViewController.swift */,
			);
			path = ViewControllers;
			sourceTree = "<group>";
		};
/* End PBXGroup section */

/* Begin PBXNativeTarget section */
		87C7DDBC276C0295005E01CA /* FetchMeal */ = {
			isa = PBXNativeTarget;
			buildConfigurationList = 87C7DDD1276C0296005E01CA /* Build configuration list for PBXNativeTarget "FetchMeal" */;
			buildPhases = (
				87C7DDB9276C0295005E01CA /* Sources */,
				87C7DDBA276C0295005E01CA /* Frameworks */,
				87C7DDBB276C0295005E01CA /* Resources */,
			);
			buildRules = (
			);
			dependencies = (
			);
			name = FetchMeal;
			productName = FetchMeal;
			productReference = 87C7DDBD276C0295005E01CA /* FetchMeal.app */;
			productType = "com.apple.product-type.application";
		};
/* End PBXNativeTarget section */

/* Begin PBXProject section */
		87C7DDB5276C0295005E01CA /* Project object */ = {
			isa = PBXProject;
			attributes = {
				LastSwiftUpdateCheck = 1220;
				LastUpgradeCheck = 1220;
				TargetAttributes = {
					87C7DDBC276C0295005E01CA = {
						CreatedOnToolsVersion = 12.2;
					};
				};
			};
			buildConfigurationList = 87C7DDB8276C0295005E01CA /* Build configuration list for PBXProject "FetchMeal" */;
			compatibilityVersion = "Xcode 9.3";
			developmentRegion = en;
			hasScannedForEncodings = 0;
			knownRegions = (
				en,
				Base,
			);
			mainGroup = 87C7DDB4276C0295005E01CA;
			productRefGroup = 87C7DDBE276C0295005E01CA /* Products */;
			projectDirPath = "";
			projectRoot = "";
			targets = (
				87C7DDBC276C0295005E01CA /* FetchMeal */,
			);
		};
/* End PBXProject section */

/* Begin PBXResourcesBuildPhase section */
		87C7DDBB276C0295005E01CA /* Resources */ = {
			isa = PBXResourcesBuildPhase;
			buildActionMask = 2147483647;
			files = (
				87C7DDCD276C0296005E01CA /* LaunchScreen.storyboard in Resources */,
				87C7DDCA276C0296005E01CA /* Assets.xcassets in Resources */,
			);
			runOnlyForDeploymentPostprocessing = 0;
		};
/* End PBXResourcesBuildPhase section */

/* Begin PBXSourcesBuildPhase section */
		87C7DDB9276C0295005E01CA /* Sources */ = {
			isa = PBXSourcesBuildPhase;
			buildActionMask = 2147483647;
			files = (
				878B4827276C223800ECAB6D /* NetworkManager.swift in Sources */,
				87C7DDC1276C0295005E01CA /* AppDelegate.swift in Sources */,
				878B4816276C108D00ECAB6D /* MealsViewController.swift in Sources */,
				878B4820276C1A3E00ECAB6D /* Meal.swift in Sources */,
				87C7DDC3276C0295005E01CA /* SceneDelegate.swift in Sources */,
				878B4823276C1D7000ECAB6D /* Ingredient.swift in Sources */,
				878B4813276C105A00ECAB6D /* CategoriesViewController.swift in Sources */,
				878B4819276C109700ECAB6D /* DetailsViewController.swift in Sources */,
				878B481D276C1A3000ECAB6D /* Category.swift in Sources */,
			);
			runOnlyForDeploymentPostprocessing = 0;
		};
/* End PBXSourcesBuildPhase section */

/* Begin PBXVariantGroup section */
		87C7DDCB276C0296005E01CA /* LaunchScreen.storyboard */ = {
			isa = PBXVariantGroup;
			children = (
				87C7DDCC276C0296005E01CA /* Base */,
			);
			name = LaunchScreen.storyboard;
			sourceTree = "<group>";
		};
/* End PBXVariantGroup section */

/* Begin XCBuildConfiguration section */
		87C7DDCF276C0296005E01CA /* Debug */ = {
			isa = XCBuildConfiguration;
			buildSettings = {
				ALWAYS_SEARCH_USER_PATHS = NO;
				CLANG_ANALYZER_NONNULL = YES;
				CLANG_ANALYZER_NUMBER_OBJECT_CONVERSION = YES_AGGRESSIVE;
				CLANG_CXX_LANGUAGE_STANDARD = "gnu++14";
				CLANG_CXX_LIBRARY = "libc++";
				CLANG_ENABLE_MODULES = YES;
				CLANG_ENABLE_OBJC_ARC = YES;
				CLANG_ENABLE_OBJC_WEAK = YES;
				CLANG_WARN_BLOCK_CAPTURE_AUTORELEASING = YES;
				CLANG_WARN_BOOL_CONVERSION = YES;
				CLANG_WARN_COMMA = YES;
				CLANG_WARN_CONSTANT_CONVERSION = YES;
				CLANG_WARN_DEPRECATED_OBJC_IMPLEMENTATIONS = YES;
				CLANG_WARN_DIRECT_OBJC_ISA_USAGE = YES_ERROR;
				CLANG_WARN_DOCUMENTATION_COMMENTS = YES;
				CLANG_WARN_EMPTY_BODY = YES;
				CLANG_WARN_ENUM_CONVERSION = YES;
				CLANG_WARN_INFINITE_RECURSION = YES;
				CLANG_WARN_INT_CONVERSION = YES;
				CLANG_WARN_NON_LITERAL_NULL_CONVERSION = YES;
				CLANG_WARN_OBJC_IMPLICIT_RETAIN_SELF = YES;
				CLANG_WARN_OBJC_LITERAL_CONVERSION = YES;
				CLANG_WARN_OBJC_ROOT_CLASS = YES_ERROR;
				CLANG_WARN_QUOTED_INCLUDE_IN_FRAMEWORK_HEADER = YES;
				CLANG_WARN_RANGE_LOOP_ANALYSIS = YES;
				CLANG_WARN_STRICT_PROTOTYPES = YES;
				CLANG_WARN_SUSPICIOUS_MOVE = YES;
				CLANG_WARN_UNGUARDED_AVAILABILITY = YES_AGGRESSIVE;
				CLANG_WARN_UNREACHABLE_CODE = YES;
				CLANG_WARN__DUPLICATE_METHOD_MATCH = YES;
				COPY_PHASE_STRIP = NO;
				DEBUG_INFORMATION_FORMAT = dwarf;
				ENABLE_STRICT_OBJC_MSGSEND = YES;
				ENABLE_TESTABILITY = YES;
				GCC_C_LANGUAGE_STANDARD = gnu11;
				GCC_DYNAMIC_NO_PIC = NO;
				GCC_NO_COMMON_BLOCKS = YES;
				GCC_OPTIMIZATION_LEVEL = 0;
				GCC_PREPROCESSOR_DEFINITIONS = (
					"DEBUG=1",
					"$(inherited)",
				);
				GCC_WARN_64_TO_32_BIT_CONVERSION = YES;
				GCC_WARN_ABOUT_RETURN_TYPE = YES_ERROR;
				GCC_WARN_UNDECLARED_SELECTOR = YES;
				GCC_WARN_UNINITIALIZED_AUTOS = YES_AGGRESSIVE;
				GCC_WARN_UNUSED_FUNCTION = YES;
				GCC_WARN_UNUSED_VARIABLE = YES;
				IPHONEOS_DEPLOYMENT_TARGET = 14.2;
				MTL_ENABLE_DEBUG_INFO = INCLUDE_SOURCE;
				MTL_FAST_MATH = YES;
				ONLY_ACTIVE_ARCH = YES;
				SDKROOT = iphoneos;
				SWIFT_ACTIVE_COMPILATION_CONDITIONS = DEBUG;
				SWIFT_OPTIMIZATION_LEVEL = "-Onone";
			};
			name = Debug;
		};
		87C7DDD0276C0296005E01CA /* Release */ = {
			isa = XCBuildConfiguration;
			buildSettings = {
				ALWAYS_SEARCH_USER_PATHS = NO;
				CLANG_ANALYZER_NONNULL = YES;
				CLANG_ANALYZER_NUMBER_OBJECT_CONVERSION = YES_AGGRESSIVE;
				CLANG_CXX_LANGUAGE_STANDARD = "gnu++14";
				CLANG_CXX_LIBRARY = "libc++";
				CLANG_ENABLE_MODULES = YES;
				CLANG_ENABLE_OBJC_ARC = YES;
				CLANG_ENABLE_OBJC_WEAK = YES;
				CLANG_WARN_BLOCK_CAPTURE_AUTORELEASING = YES;
				CLANG_WARN_BOOL_CONVERSION = YES;
				CLANG_WARN_COMMA = YES;
				CLANG_WARN_CONSTANT_CONVERSION = YES;
				CLANG_WARN_DEPRECATED_OBJC_IMPLEMENTATIONS = YES;
				CLANG_WARN_DIRECT_OBJC_ISA_USAGE = YES_ERROR;
				CLANG_WARN_DOCUMENTATION_COMMENTS = YES;
				CLANG_WARN_EMPTY_BODY = YES;
				CLANG_WARN_ENUM_CONVERSION = YES;
				CLANG_WARN_INFINITE_RECURSION = YES;
				CLANG_WARN_INT_CONVERSION = YES;
				CLANG_WARN_NON_LITERAL_NULL_CONVERSION = YES;
				CLANG_WARN_OBJC_IMPLICIT_RETAIN_SELF = YES;
				CLANG_WARN_OBJC_LITERAL_CONVERSION = YES;
				CLANG_WARN_OBJC_ROOT_CLASS = YES_ERROR;
				CLANG_WARN_QUOTED_INCLUDE_IN_FRAMEWORK_HEADER = YES;
				CLANG_WARN_RANGE_LOOP_ANALYSIS = YES;
				CLANG_WARN_STRICT_PROTOTYPES = YES;
				CLANG_WARN_SUSPICIOUS_MOVE = YES;
				CLANG_WARN_UNGUARDED_AVAILABILITY = YES_AGGRESSIVE;
				CLANG_WARN_UNREACHABLE_CODE = YES;
				CLANG_WARN__DUPLICATE_METHOD_MATCH = YES;
				COPY_PHASE_STRIP = NO;
				DEBUG_INFORMATION_FORMAT = "dwarf-with-dsym";
				ENABLE_NS_ASSERTIONS = NO;
				ENABLE_STRICT_OBJC_MSGSEND = YES;
				GCC_C_LANGUAGE_STANDARD = gnu11;
				GCC_NO_COMMON_BLOCKS = YES;
				GCC_WARN_64_TO_32_BIT_CONVERSION = YES;
				GCC_WARN_ABOUT_RETURN_TYPE = YES_ERROR;
				GCC_WARN_UNDECLARED_SELECTOR = YES;
				GCC_WARN_UNINITIALIZED_AUTOS = YES_AGGRESSIVE;
				GCC_WARN_UNUSED_FUNCTION = YES;
				GCC_WARN_UNUSED_VARIABLE = YES;
				IPHONEOS_DEPLOYMENT_TARGET = 14.2;
				MTL_ENABLE_DEBUG_INFO = NO;
				MTL_FAST_MATH = YES;
				SDKROOT = iphoneos;
				SWIFT_COMPILATION_MODE = wholemodule;
				SWIFT_OPTIMIZATION_LEVEL = "-O";
				VALIDATE_PRODUCT = YES;
			};
			name = Release;
		};
		87C7DDD2276C0296005E01CA /* Debug */ = {
			isa = XCBuildConfiguration;
			buildSettings = {
				ASSETCATALOG_COMPILER_APPICON_NAME = AppIcon;
				ASSETCATALOG_COMPILER_GLOBAL_ACCENT_COLOR_NAME = AccentColor;
				CODE_SIGN_STYLE = Automatic;
				DEVELOPMENT_TEAM = G74Q74P2D6;
				INFOPLIST_FILE = FetchMeal/Info.plist;
				LD_RUNPATH_SEARCH_PATHS = (
					"$(inherited)",
					"@executable_path/Frameworks",
				);
				PRODUCT_BUNDLE_IDENTIFIER = co.vincentbaylon.FetchMeal;
				PRODUCT_NAME = "$(TARGET_NAME)";
				SWIFT_VERSION = 5.0;
				TARGETED_DEVICE_FAMILY = "1,2";
			};
			name = Debug;
		};
		87C7DDD3276C0296005E01CA /* Release */ = {
			isa = XCBuildConfiguration;
			buildSettings = {
				ASSETCATALOG_COMPILER_APPICON_NAME = AppIcon;
				ASSETCATALOG_COMPILER_GLOBAL_ACCENT_COLOR_NAME = AccentColor;
				CODE_SIGN_STYLE = Automatic;
				DEVELOPMENT_TEAM = G74Q74P2D6;
				INFOPLIST_FILE = FetchMeal/Info.plist;
				LD_RUNPATH_SEARCH_PATHS = (
					"$(inherited)",
					"@executable_path/Frameworks",
				);
				PRODUCT_BUNDLE_IDENTIFIER = co.vincentbaylon.FetchMeal;
				PRODUCT_NAME = "$(TARGET_NAME)";
				SWIFT_VERSION = 5.0;
				TARGETED_DEVICE_FAMILY = "1,2";
			};
			name = Release;
		};
/* End XCBuildConfiguration section */

/* Begin XCConfigurationList section */
		87C7DDB8276C0295005E01CA /* Build configuration list for PBXProject "FetchMeal" */ = {
			isa = XCConfigurationList;
			buildConfigurations = (
				87C7DDCF276C0296005E01CA /* Debug */,
				87C7DDD0276C0296005E01CA /* Release */,
			);
			defaultConfigurationIsVisible = 0;
			defaultConfigurationName = Release;
		};
		87C7DDD1276C0296005E01CA /* Build configuration list for PBXNativeTarget "FetchMeal" */ = {
			isa = XCConfigurationList;
			buildConfigurations = (
				87C7DDD2276C0296005E01CA /* Debug */,
				87C7DDD3276C0296005E01CA /* Release */,
			);
			defaultConfigurationIsVisible = 0;
			defaultConfigurationName = Release;
		};
/* End XCConfigurationList section */
	};
	rootObject = 87C7DDB5276C0295005E01CA /* Project object */;
}
